
Microsoft Visual Studio Solution File, Format Version 12.00
# Visual Studio Version 17
VisualStudioVersion = 17.11.35312.102
MinimumVisualStudioVersion = 10.0.40219.1
Project("{FAE04EC0-301F-11D3-BF4B-00C04F79EFBC}") = "LibraryApp.API", "LibaryApp.API\LibraryApp.API.csproj", "{656D8D4B-8494-416A-A384-19E459292DF2}"
EndProject
Project("{FAE04EC0-301F-11D3-BF4B-00C04F79EFBC}") = "LibraryApp.Application", "LibaryApp.Application\LibraryApp.Application.csproj", "{45691201-3524-4D2F-975E-52A437B613FD}"
EndProject
Project("{FAE04EC0-301F-11D3-BF4B-00C04F79EFBC}") = "LibraryApp.Domain", "LibaryApp.Domain\LibraryApp.Domain.csproj", "{07AC2034-6E7E-4426-BB8B-E1FB4976224E}"
EndProject
Project("{FAE04EC0-301F-11D3-BF4B-00C04F79EFBC}") = "LibraryApp.Infrastructure", "LibaryApp.Infrastructure\LibraryApp.Infrastructure.csproj", "{A0F73954-2CA5-4C6D-96A5-EBDA5FB774C7}"
EndProject
Project("{FAE04EC0-301F-11D3-BF4B-00C04F79EFBC}") = "LibraryApp.Shared", "LibraryApp.Shared\LibraryApp.Shared.csproj", "{B0F7DF94-3169-422E-A58E-EA32F5383C75}"
EndProject
Global
	GlobalSection(SolutionConfigurationPlatforms) = preSolution
		Debug|Any CPU = Debug|Any CPU
		Release|Any CPU = Release|Any CPU
	EndGlobalSection
	GlobalSection(ProjectConfigurationPlatforms) = postSolution
		{656D8D4B-8494-416A-A384-19E459292DF2}.Debug|Any CPU.ActiveCfg = Debug|Any CPU
		{656D8D4B-8494-416A-A384-19E459292DF2}.Debug|Any CPU.Build.0 = Debug|Any CPU
		{656D8D4B-8494-416A-A384-19E459292DF2}.Release|Any CPU.ActiveCfg = Release|Any CPU
		{656D8D4B-8494-416A-A384-19E459292DF2}.Release|Any CPU.Build.0 = Release|Any CPU
		{45691201-3524-4D2F-975E-52A437B613FD}.Debug|Any CPU.ActiveCfg = Debug|Any CPU
		{45691201-3524-4D2F-975E-52A437B613FD}.Debug|Any CPU.Build.0 = Debug|Any CPU
		{45691201-3524-4D2F-975E-52A437B613FD}.Release|Any CPU.ActiveCfg = Release|Any CPU
		{45691201-3524-4D2F-975E-52A437B613FD}.Release|Any CPU.Build.0 = Release|Any CPU
		{07AC2034-6E7E-4426-BB8B-E1FB4976224E}.Debug|Any CPU.ActiveCfg = Debug|Any CPU
		{07AC2034-6E7E-4426-BB8B-E1FB4976224E}.Debug|Any CPU.Build.0 = Debug|Any CPU
		{07AC2034-6E7E-4426-BB8B-E1FB4976224E}.Release|Any CPU.ActiveCfg = Release|Any CPU
		{07AC2034-6E7E-4426-BB8B-E1FB4976224E}.Release|Any CPU.Build.0 = Release|Any CPU
		{A0F73954-2CA5-4C6D-96A5-EBDA5FB774C7}.Debug|Any CPU.ActiveCfg = Debug|Any CPU
		{A0F73954-2CA5-4C6D-96A5-EBDA5FB774C7}.Debug|Any CPU.Build.0 = Debug|Any CPU
		{A0F73954-2CA5-4C6D-96A5-EBDA5FB774C7}.Release|Any CPU.ActiveCfg = Release|Any CPU
		{A0F73954-2CA5-4C6D-96A5-EBDA5FB774C7}.Release|Any CPU.Build.0 = Release|Any CPU
		{B0F7DF94-3169-422E-A58E-EA32F5383C75}.Debug|Any CPU.ActiveCfg = Debug|Any CPU
		{B0F7DF94-3169-422E-A58E-EA32F5383C75}.Debug|Any CPU.Build.0 = Debug|Any CPU
		{B0F7DF94-3169-422E-A58E-EA32F5383C75}.Release|Any CPU.ActiveCfg = Release|Any CPU
		{B0F7DF94-3169-422E-A58E-EA32F5383C75}.Release|Any CPU.Build.0 = Release|Any CPU
	EndGlobalSection
	GlobalSection(SolutionProperties) = preSolution
		HideSolutionNode = FALSE
	EndGlobalSection
	GlobalSection(ExtensibilityGlobals) = postSolution
		SolutionGuid = {9E7D95FE-36D3-493C-997C-5C06885C888C}
	EndGlobalSection
EndGlobal
